
Microsoft Visual Studio Solution File, Format Version 12.00
# Visual Studio Version 16
VisualStudioVersion = 16.0.31410.357
MinimumVisualStudioVersion = 10.0.40219.1
Project("{FAE04EC0-301F-11D3-BF4B-00C04F79EFBC}") = "D900NativeTest", "D900NativeTest\D900NativeTest.csproj", "{D74143B8-E8C0-489F-A6A9-804BCACC28E1}"
EndProject
Global
	GlobalSection(SolutionConfigurationPlatforms) = preSolution
		Debug|Any CPU = Debug|Any CPU
		Release|Any CPU = Release|Any CPU
	EndGlobalSection
	GlobalSection(ProjectConfigurationPlatforms) = postSolution
		{D74143B8-E8C0-489F-A6A9-804BCACC28E1}.Debug|Any CPU.ActiveCfg = Debug|Any CPU
		{D74143B8-E8C0-489F-A6A9-804BCACC28E1}.Debug|Any CPU.Build.0 = Debug|Any CPU
		{D74143B8-E8C0-489F-A6A9-804BCACC28E1}.Release|Any CPU.ActiveCfg = Release|Any CPU
		{D74143B8-E8C0-489F-A6A9-804BCACC28E1}.Release|Any CPU.Build.0 = Release|Any CPU
	EndGlobalSection
	GlobalSection(SolutionProperties) = preSolution
		HideSolutionNode = FALSE
	EndGlobalSection
	GlobalSection(ExtensibilityGlobals) = postSolution
		SolutionGuid = {FED832DF-EF22-4274-B3C9-53B9E1C2F5D2}
	EndGlobalSection
EndGlobal
